
Microsoft Visual Studio Solution File, Format Version 12.00
# Visual Studio Version 17
VisualStudioVersion = 17.3.32811.315
MinimumVisualStudioVersion = 10.0.40219.1
Project("{FAE04EC0-301F-11D3-BF4B-00C04F79EFBC}") = "3.9 Objekt", "3.9 Objekt.csproj", "{2462EA10-C8A2-434D-A27F-C0CD186E9A05}"
EndProject
Global
	GlobalSection(SolutionConfigurationPlatforms) = preSolution
		Debug|Any CPU = Debug|Any CPU
		Release|Any CPU = Release|Any CPU
	EndGlobalSection
	GlobalSection(ProjectConfigurationPlatforms) = postSolution
		{2462EA10-C8A2-434D-A27F-C0CD186E9A05}.Debug|Any CPU.ActiveCfg = Debug|Any CPU
		{2462EA10-C8A2-434D-A27F-C0CD186E9A05}.Debug|Any CPU.Build.0 = Debug|Any CPU
		{2462EA10-C8A2-434D-A27F-C0CD186E9A05}.Release|Any CPU.ActiveCfg = Release|Any CPU
		{2462EA10-C8A2-434D-A27F-C0CD186E9A05}.Release|Any CPU.Build.0 = Release|Any CPU
	EndGlobalSection
	GlobalSection(SolutionProperties) = preSolution
		HideSolutionNode = FALSE
	EndGlobalSection
	GlobalSection(ExtensibilityGlobals) = postSolution
		SolutionGuid = {B3C75616-E702-4C41-AA2C-7335C671E98D}
	EndGlobalSection
EndGlobal
